// !$*UTF8*$!
{
	archiveVersion = 1;
	classes = {
	};
	objectVersion = 46;
	objects = {

/* Begin PBXBuildFile section */
		C096E8FE15CB5C24003B5D5B /* main.c in Sources */ = {isa = PBXBuildFile; fileRef = C096E8FD15CB5C24003B5D5B /* main.c */; };
		C096E90015CB5C24003B5D5B /* TimeStructs.1 in CopyFiles */ = {isa = PBXBuildFile; fileRef = C096E8FF15CB5C24003B5D5B /* TimeStructs.1 */; };
/* End PBXBuildFile section */

/* Begin PBXCopyFilesBuildPhase section */
		C096E8F715CB5C24003B5D5B /* CopyFiles */ = {
			isa = PBXCopyFilesBuildPhase;
			buildActionMask = 2147483647;
			dstPath = /usr/share/man/man1/;
			dstSubfolderSpec = 0;
			files = (
				C096E90015CB5C24003B5D5B /* TimeStructs.1 in CopyFiles */,
			);
			runOnlyForDeploymentPostprocessing = 1;
		};
/* End PBXCopyFilesBuildPhase section */

/* Begin PBXFileReference section */
		C096E8F915CB5C24003B5D5B /* TimeStructs */ = {isa = PBXFileReference; explicitFileType = "compiled.mach-o.executable"; includeInIndex = 0; path = TimeStructs; sourceTree = BUILT_PRODUCTS_DIR; };
		C096E8FD15CB5C24003B5D5B /* main.c */ = {isa = PBXFileReference; lastKnownFileType = sourcecode.c.c; path = main.c; sourceTree = "<group>"; };
		C096E8FF15CB5C24003B5D5B /* TimeStructs.1 */ = {isa = PBXFileReference; lastKnownFileType = text.man; path = TimeStructs.1; sourceTree = "<group>"; };
/* End PBXFileReference section */

/* Begin PBXFrameworksBuildPhase section */
		C096E8F615CB5C24003B5D5B /* Frameworks */ = {
			isa = PBXFrameworksBuildPhase;
			buildActionMask = 2147483647;
			files = (
			);
			runOnlyForDeploymentPostprocessing = 0;
		};
/* End PBXFrameworksBuildPhase section */

/* Begin PBXGroup section */
		C096E8EE15CB5C24003B5D5B = {
			isa = PBXGroup;
			children = (
				C096E8FC15CB5C24003B5D5B /* TimeStructs */,
				C096E8FA15CB5C24003B5D5B /* Products */,
			);
			sourceTree = "<group>";
		};
		C096E8FA15CB5C24003B5D5B /* Products */ = {
			isa = PBXGroup;
			children = (
				C096E8F915CB5C24003B5D5B /* TimeStructs */,
			);
			name = Products;
			sourceTree = "<group>";
		};
		C096E8FC15CB5C24003B5D5B /* TimeStructs */ = {
			isa = PBXGroup;
			children = (
				C096E8FD15CB5C24003B5D5B /* main.c */,
				C096E8FF15CB5C24003B5D5B /* TimeStructs.1 */,
			);
			path = TimeStructs;
			sourceTree = "<group>";
		};
/* End PBXGroup section */

/* Begin PBXNativeTarget section */
		C096E8F815CB5C24003B5D5B /* TimeStructs */ = {
			isa = PBXNativeTarget;
			buildConfigurationList = C096E90315CB5C24003B5D5B /* Build configuration list for PBXNativeTarget "TimeStructs" */;
			buildPhases = (
				C096E8F515CB5C24003B5D5B /* Sources */,
				C096E8F615CB5C24003B5D5B /* Frameworks */,
				C096E8F715CB5C24003B5D5B /* CopyFiles */,
			);
			buildRules = (
			);
			dependencies = (
			);
			name = TimeStructs;
			productName = TimeStructs;
			productReference = C096E8F915CB5C24003B5D5B /* TimeStructs */;
			productType = "com.apple.product-type.tool";
		};
/* End PBXNativeTarget section */

/* Begin PBXProject section */
		C096E8F015CB5C24003B5D5B /* Project object */ = {
			isa = PBXProject;
			attributes = {
				LastUpgradeCheck = 0440;
				ORGANIZATIONNAME = "Jose Salcido";
			};
			buildConfigurationList = C096E8F315CB5C24003B5D5B /* Build configuration list for PBXProject "TimeStructs" */;
			compatibilityVersion = "Xcode 3.2";
			developmentRegion = English;
			hasScannedForEncodings = 0;
			knownRegions = (
				en,
			);
			mainGroup = C096E8EE15CB5C24003B5D5B;
			productRefGroup = C096E8FA15CB5C24003B5D5B /* Products */;
			projectDirPath = "";
			projectRoot = "";
			targets = (
				C096E8F815CB5C24003B5D5B /* TimeStructs */,
			);
		};
/* End PBXProject section */

/* Begin PBXSourcesBuildPhase section */
		C096E8F515CB5C24003B5D5B /* Sources */ = {
			isa = PBXSourcesBuildPhase;
			buildActionMask = 2147483647;
			files = (
				C096E8FE15CB5C24003B5D5B /* main.c in Sources */,
			);
			runOnlyForDeploymentPostprocessing = 0;
		};
/* End PBXSourcesBuildPhase section */

/* Begin XCBuildConfiguration section */
		C096E90115CB5C24003B5D5B /* Debug */ = {
			isa = XCBuildConfiguration;
			buildSettings = {
				ALWAYS_SEARCH_USER_PATHS = NO;
				ARCHS = "$(ARCHS_STANDARD_64_BIT)";
				CLANG_CXX_LANGUAGE_STANDARD = "gnu++0x";
				CLANG_WARN__DUPLICATE_METHOD_MATCH = YES;
				COPY_PHASE_STRIP = NO;
				GCC_C_LANGUAGE_STANDARD = gnu99;
				GCC_DYNAMIC_NO_PIC = NO;
				GCC_ENABLE_OBJC_EXCEPTIONS = YES;
				GCC_OPTIMIZATION_LEVEL = 0;
				GCC_PREPROCESSOR_DEFINITIONS = (
					"DEBUG=1",
					"$(inherited)",
				);
				GCC_SYMBOLS_PRIVATE_EXTERN = NO;
				GCC_WARN_64_TO_32_BIT_CONVERSION = YES;
				GCC_WARN_ABOUT_RETURN_TYPE = YES;
				GCC_WARN_UNINITIALIZED_AUTOS = YES;
				GCC_WARN_UNUSED_VARIABLE = YES;
				MACOSX_DEPLOYMENT_TARGET = 10.8;
				ONLY_ACTIVE_ARCH = YES;
				SDKROOT = macosx;
			};
			name = Debug;
		};
		C096E90215CB5C24003B5D5B /* Release */ = {
			isa = XCBuildConfiguration;
			buildSettings = {
				ALWAYS_SEARCH_USER_PATHS = NO;
				ARCHS = "$(ARCHS_STANDARD_64_BIT)";
				CLANG_CXX_LANGUAGE_STANDARD = "gnu++0x";
				CLANG_WARN__DUPLICATE_METHOD_MATCH = YES;
				COPY_PHASE_STRIP = YES;
				DEBUG_INFORMATION_FORMAT = "dwarf-with-dsym";
				GCC_C_LANGUAGE_STANDARD = gnu99;
				GCC_ENABLE_OBJC_EXCEPTIONS = YES;
				GCC_WARN_64_TO_32_BIT_CONVERSION = YES;
				GCC_WARN_ABOUT_RETURN_TYPE = YES;
				GCC_WARN_UNINITIALIZED_AUTOS = YES;
				GCC_WARN_UNUSED_VARIABLE = YES;
				MACOSX_DEPLOYMENT_TARGET = 10.8;
				SDKROOT = macosx;
			};
			name = Release;
		};
		C096E90415CB5C24003B5D5B /* Debug */ = {
			isa = XCBuildConfiguration;
			buildSettings = {
				PRODUCT_NAME = "$(TARGET_NAME)";
			};
			name = Debug;
		};
		C096E90515CB5C24003B5D5B /* Release */ = {
			isa = XCBuildConfiguration;
			buildSettings = {
				PRODUCT_NAME = "$(TARGET_NAME)";
			};
			name = Release;
		};
/* End XCBuildConfiguration section */

/* Begin XCConfigurationList section */
		C096E8F315CB5C24003B5D5B /* Build configuration list for PBXProject "TimeStructs" */ = {
			isa = XCConfigurationList;
			buildConfigurations = (
				C096E90115CB5C24003B5D5B /* Debug */,
				C096E90215CB5C24003B5D5B /* Release */,
			);
			defaultConfigurationIsVisible = 0;
			defaultConfigurationName = Release;
		};
		C096E90315CB5C24003B5D5B /* Build configuration list for PBXNativeTarget "TimeStructs" */ = {
			isa = XCConfigurationList;
			buildConfigurations = (
				C096E90415CB5C24003B5D5B /* Debug */,
				C096E90515CB5C24003B5D5B /* Release */,
			);
			defaultConfigurationIsVisible = 0;
		};
/* End XCConfigurationList section */
	};
	rootObject = C096E8F015CB5C24003B5D5B /* Project object */;
}
