// !$*UTF8*$!
{
	archiveVersion = 1;
	classes = {
	};
	objectVersion = 46;
	objects = {

/* Begin PBXBuildFile section */
		C0A5C02315CCD12F00136944 /* Foundation.framework in Frameworks */ = {isa = PBXBuildFile; fileRef = C0A5C02215CCD12F00136944 /* Foundation.framework */; };
		C0A5C02615CCD12F00136944 /* main.m in Sources */ = {isa = PBXBuildFile; fileRef = C0A5C02515CCD12F00136944 /* main.m */; };
		C0A5C02A15CCD12F00136944 /* NSTimeZoneExample.1 in CopyFiles */ = {isa = PBXBuildFile; fileRef = C0A5C02915CCD12F00136944 /* NSTimeZoneExample.1 */; };
/* End PBXBuildFile section */

/* Begin PBXCopyFilesBuildPhase section */
		C0A5C01C15CCD12F00136944 /* CopyFiles */ = {
			isa = PBXCopyFilesBuildPhase;
			buildActionMask = 2147483647;
			dstPath = /usr/share/man/man1/;
			dstSubfolderSpec = 0;
			files = (
				C0A5C02A15CCD12F00136944 /* NSTimeZoneExample.1 in CopyFiles */,
			);
			runOnlyForDeploymentPostprocessing = 1;
		};
/* End PBXCopyFilesBuildPhase section */

/* Begin PBXFileReference section */
		C0A5C01E15CCD12F00136944 /* NSTimeZoneExample */ = {isa = PBXFileReference; explicitFileType = "compiled.mach-o.executable"; includeInIndex = 0; path = NSTimeZoneExample; sourceTree = BUILT_PRODUCTS_DIR; };
		C0A5C02215CCD12F00136944 /* Foundation.framework */ = {isa = PBXFileReference; lastKnownFileType = wrapper.framework; name = Foundation.framework; path = System/Library/Frameworks/Foundation.framework; sourceTree = SDKROOT; };
		C0A5C02515CCD12F00136944 /* main.m */ = {isa = PBXFileReference; lastKnownFileType = sourcecode.c.objc; path = main.m; sourceTree = "<group>"; };
		C0A5C02815CCD12F00136944 /* NSTimeZoneExample-Prefix.pch */ = {isa = PBXFileReference; lastKnownFileType = sourcecode.c.h; path = "NSTimeZoneExample-Prefix.pch"; sourceTree = "<group>"; };
		C0A5C02915CCD12F00136944 /* NSTimeZoneExample.1 */ = {isa = PBXFileReference; lastKnownFileType = text.man; path = NSTimeZoneExample.1; sourceTree = "<group>"; };
/* End PBXFileReference section */

/* Begin PBXFrameworksBuildPhase section */
		C0A5C01B15CCD12F00136944 /* Frameworks */ = {
			isa = PBXFrameworksBuildPhase;
			buildActionMask = 2147483647;
			files = (
				C0A5C02315CCD12F00136944 /* Foundation.framework in Frameworks */,
			);
			runOnlyForDeploymentPostprocessing = 0;
		};
/* End PBXFrameworksBuildPhase section */

/* Begin PBXGroup section */
		C0A5C01315CCD12F00136944 = {
			isa = PBXGroup;
			children = (
				C0A5C02415CCD12F00136944 /* NSTimeZoneExample */,
				C0A5C02115CCD12F00136944 /* Frameworks */,
				C0A5C01F15CCD12F00136944 /* Products */,
			);
			sourceTree = "<group>";
		};
		C0A5C01F15CCD12F00136944 /* Products */ = {
			isa = PBXGroup;
			children = (
				C0A5C01E15CCD12F00136944 /* NSTimeZoneExample */,
			);
			name = Products;
			sourceTree = "<group>";
		};
		C0A5C02115CCD12F00136944 /* Frameworks */ = {
			isa = PBXGroup;
			children = (
				C0A5C02215CCD12F00136944 /* Foundation.framework */,
			);
			name = Frameworks;
			sourceTree = "<group>";
		};
		C0A5C02415CCD12F00136944 /* NSTimeZoneExample */ = {
			isa = PBXGroup;
			children = (
				C0A5C02515CCD12F00136944 /* main.m */,
				C0A5C02915CCD12F00136944 /* NSTimeZoneExample.1 */,
				C0A5C02715CCD12F00136944 /* Supporting Files */,
			);
			path = NSTimeZoneExample;
			sourceTree = "<group>";
		};
		C0A5C02715CCD12F00136944 /* Supporting Files */ = {
			isa = PBXGroup;
			children = (
				C0A5C02815CCD12F00136944 /* NSTimeZoneExample-Prefix.pch */,
			);
			name = "Supporting Files";
			sourceTree = "<group>";
		};
/* End PBXGroup section */

/* Begin PBXNativeTarget section */
		C0A5C01D15CCD12F00136944 /* NSTimeZoneExample */ = {
			isa = PBXNativeTarget;
			buildConfigurationList = C0A5C02D15CCD12F00136944 /* Build configuration list for PBXNativeTarget "NSTimeZoneExample" */;
			buildPhases = (
				C0A5C01A15CCD12F00136944 /* Sources */,
				C0A5C01B15CCD12F00136944 /* Frameworks */,
				C0A5C01C15CCD12F00136944 /* CopyFiles */,
			);
			buildRules = (
			);
			dependencies = (
			);
			name = NSTimeZoneExample;
			productName = NSTimeZoneExample;
			productReference = C0A5C01E15CCD12F00136944 /* NSTimeZoneExample */;
			productType = "com.apple.product-type.tool";
		};
/* End PBXNativeTarget section */

/* Begin PBXProject section */
		C0A5C01515CCD12F00136944 /* Project object */ = {
			isa = PBXProject;
			attributes = {
				LastUpgradeCheck = 0440;
				ORGANIZATIONNAME = "Jose Salcido";
			};
			buildConfigurationList = C0A5C01815CCD12F00136944 /* Build configuration list for PBXProject "NSTimeZoneExample" */;
			compatibilityVersion = "Xcode 3.2";
			developmentRegion = English;
			hasScannedForEncodings = 0;
			knownRegions = (
				en,
			);
			mainGroup = C0A5C01315CCD12F00136944;
			productRefGroup = C0A5C01F15CCD12F00136944 /* Products */;
			projectDirPath = "";
			projectRoot = "";
			targets = (
				C0A5C01D15CCD12F00136944 /* NSTimeZoneExample */,
			);
		};
/* End PBXProject section */

/* Begin PBXSourcesBuildPhase section */
		C0A5C01A15CCD12F00136944 /* Sources */ = {
			isa = PBXSourcesBuildPhase;
			buildActionMask = 2147483647;
			files = (
				C0A5C02615CCD12F00136944 /* main.m in Sources */,
			);
			runOnlyForDeploymentPostprocessing = 0;
		};
/* End PBXSourcesBuildPhase section */

/* Begin XCBuildConfiguration section */
		C0A5C02B15CCD12F00136944 /* Debug */ = {
			isa = XCBuildConfiguration;
			buildSettings = {
				ALWAYS_SEARCH_USER_PATHS = NO;
				ARCHS = "$(ARCHS_STANDARD_64_BIT)";
				CLANG_CXX_LANGUAGE_STANDARD = "gnu++0x";
				CLANG_WARN__DUPLICATE_METHOD_MATCH = YES;
				COPY_PHASE_STRIP = NO;
				GCC_C_LANGUAGE_STANDARD = gnu99;
				GCC_DYNAMIC_NO_PIC = NO;
				GCC_ENABLE_OBJC_EXCEPTIONS = YES;
				GCC_OPTIMIZATION_LEVEL = 0;
				GCC_PREPROCESSOR_DEFINITIONS = (
					"DEBUG=1",
					"$(inherited)",
				);
				GCC_SYMBOLS_PRIVATE_EXTERN = NO;
				GCC_WARN_64_TO_32_BIT_CONVERSION = YES;
				GCC_WARN_ABOUT_RETURN_TYPE = YES;
				GCC_WARN_UNINITIALIZED_AUTOS = YES;
				GCC_WARN_UNUSED_VARIABLE = YES;
				MACOSX_DEPLOYMENT_TARGET = 10.8;
				ONLY_ACTIVE_ARCH = YES;
				SDKROOT = macosx;
			};
			name = Debug;
		};
		C0A5C02C15CCD12F00136944 /* Release */ = {
			isa = XCBuildConfiguration;
			buildSettings = {
				ALWAYS_SEARCH_USER_PATHS = NO;
				ARCHS = "$(ARCHS_STANDARD_64_BIT)";
				CLANG_CXX_LANGUAGE_STANDARD = "gnu++0x";
				CLANG_WARN__DUPLICATE_METHOD_MATCH = YES;
				COPY_PHASE_STRIP = YES;
				DEBUG_INFORMATION_FORMAT = "dwarf-with-dsym";
				GCC_C_LANGUAGE_STANDARD = gnu99;
				GCC_ENABLE_OBJC_EXCEPTIONS = YES;
				GCC_WARN_64_TO_32_BIT_CONVERSION = YES;
				GCC_WARN_ABOUT_RETURN_TYPE = YES;
				GCC_WARN_UNINITIALIZED_AUTOS = YES;
				GCC_WARN_UNUSED_VARIABLE = YES;
				MACOSX_DEPLOYMENT_TARGET = 10.8;
				SDKROOT = macosx;
			};
			name = Release;
		};
		C0A5C02E15CCD12F00136944 /* Debug */ = {
			isa = XCBuildConfiguration;
			buildSettings = {
				GCC_PRECOMPILE_PREFIX_HEADER = YES;
				GCC_PREFIX_HEADER = "NSTimeZoneExample/NSTimeZoneExample-Prefix.pch";
				PRODUCT_NAME = "$(TARGET_NAME)";
			};
			name = Debug;
		};
		C0A5C02F15CCD12F00136944 /* Release */ = {
			isa = XCBuildConfiguration;
			buildSettings = {
				GCC_PRECOMPILE_PREFIX_HEADER = YES;
				GCC_PREFIX_HEADER = "NSTimeZoneExample/NSTimeZoneExample-Prefix.pch";
				PRODUCT_NAME = "$(TARGET_NAME)";
			};
			name = Release;
		};
/* End XCBuildConfiguration section */

/* Begin XCConfigurationList section */
		C0A5C01815CCD12F00136944 /* Build configuration list for PBXProject "NSTimeZoneExample" */ = {
			isa = XCConfigurationList;
			buildConfigurations = (
				C0A5C02B15CCD12F00136944 /* Debug */,
				C0A5C02C15CCD12F00136944 /* Release */,
			);
			defaultConfigurationIsVisible = 0;
			defaultConfigurationName = Release;
		};
		C0A5C02D15CCD12F00136944 /* Build configuration list for PBXNativeTarget "NSTimeZoneExample" */ = {
			isa = XCConfigurationList;
			buildConfigurations = (
				C0A5C02E15CCD12F00136944 /* Debug */,
				C0A5C02F15CCD12F00136944 /* Release */,
			);
			defaultConfigurationIsVisible = 0;
		};
/* End XCConfigurationList section */
	};
	rootObject = C0A5C01515CCD12F00136944 /* Project object */;
}
