// !$*UTF8*$!
{
	archiveVersion = 1;
	classes = {
	};
	objectVersion = 46;
	objects = {

/* Begin PBXBuildFile section */
		C025667115C884E900869EFF /* main.c in Sources */ = {isa = PBXBuildFile; fileRef = C025667015C884E900869EFF /* main.c */; };
		C025667315C884E900869EFF /* ClassCertificates.1 in CopyFiles */ = {isa = PBXBuildFile; fileRef = C025667215C884E900869EFF /* ClassCertificates.1 */; };
/* End PBXBuildFile section */

/* Begin PBXCopyFilesBuildPhase section */
		C025666A15C884E900869EFF /* CopyFiles */ = {
			isa = PBXCopyFilesBuildPhase;
			buildActionMask = 2147483647;
			dstPath = /usr/share/man/man1/;
			dstSubfolderSpec = 0;
			files = (
				C025667315C884E900869EFF /* ClassCertificates.1 in CopyFiles */,
			);
			runOnlyForDeploymentPostprocessing = 1;
		};
/* End PBXCopyFilesBuildPhase section */

/* Begin PBXFileReference section */
		C025666C15C884E900869EFF /* ClassCertificates */ = {isa = PBXFileReference; explicitFileType = "compiled.mach-o.executable"; includeInIndex = 0; path = ClassCertificates; sourceTree = BUILT_PRODUCTS_DIR; };
		C025667015C884E900869EFF /* main.c */ = {isa = PBXFileReference; lastKnownFileType = sourcecode.c.c; path = main.c; sourceTree = "<group>"; };
		C025667215C884E900869EFF /* ClassCertificates.1 */ = {isa = PBXFileReference; lastKnownFileType = text.man; path = ClassCertificates.1; sourceTree = "<group>"; };
/* End PBXFileReference section */

/* Begin PBXFrameworksBuildPhase section */
		C025666915C884E900869EFF /* Frameworks */ = {
			isa = PBXFrameworksBuildPhase;
			buildActionMask = 2147483647;
			files = (
			);
			runOnlyForDeploymentPostprocessing = 0;
		};
/* End PBXFrameworksBuildPhase section */

/* Begin PBXGroup section */
		C025666115C884E900869EFF = {
			isa = PBXGroup;
			children = (
				C025666F15C884E900869EFF /* ClassCertificates */,
				C025666D15C884E900869EFF /* Products */,
			);
			sourceTree = "<group>";
		};
		C025666D15C884E900869EFF /* Products */ = {
			isa = PBXGroup;
			children = (
				C025666C15C884E900869EFF /* ClassCertificates */,
			);
			name = Products;
			sourceTree = "<group>";
		};
		C025666F15C884E900869EFF /* ClassCertificates */ = {
			isa = PBXGroup;
			children = (
				C025667015C884E900869EFF /* main.c */,
				C025667215C884E900869EFF /* ClassCertificates.1 */,
			);
			path = ClassCertificates;
			sourceTree = "<group>";
		};
/* End PBXGroup section */

/* Begin PBXNativeTarget section */
		C025666B15C884E900869EFF /* ClassCertificates */ = {
			isa = PBXNativeTarget;
			buildConfigurationList = C025667615C884E900869EFF /* Build configuration list for PBXNativeTarget "ClassCertificates" */;
			buildPhases = (
				C025666815C884E900869EFF /* Sources */,
				C025666915C884E900869EFF /* Frameworks */,
				C025666A15C884E900869EFF /* CopyFiles */,
			);
			buildRules = (
			);
			dependencies = (
			);
			name = ClassCertificates;
			productName = ClassCertificates;
			productReference = C025666C15C884E900869EFF /* ClassCertificates */;
			productType = "com.apple.product-type.tool";
		};
/* End PBXNativeTarget section */

/* Begin PBXProject section */
		C025666315C884E900869EFF /* Project object */ = {
			isa = PBXProject;
			attributes = {
				LastUpgradeCheck = 0440;
				ORGANIZATIONNAME = "Jose Salcido";
			};
			buildConfigurationList = C025666615C884E900869EFF /* Build configuration list for PBXProject "ClassCertificates" */;
			compatibilityVersion = "Xcode 3.2";
			developmentRegion = English;
			hasScannedForEncodings = 0;
			knownRegions = (
				en,
			);
			mainGroup = C025666115C884E900869EFF;
			productRefGroup = C025666D15C884E900869EFF /* Products */;
			projectDirPath = "";
			projectRoot = "";
			targets = (
				C025666B15C884E900869EFF /* ClassCertificates */,
			);
		};
/* End PBXProject section */

/* Begin PBXSourcesBuildPhase section */
		C025666815C884E900869EFF /* Sources */ = {
			isa = PBXSourcesBuildPhase;
			buildActionMask = 2147483647;
			files = (
				C025667115C884E900869EFF /* main.c in Sources */,
			);
			runOnlyForDeploymentPostprocessing = 0;
		};
/* End PBXSourcesBuildPhase section */

/* Begin XCBuildConfiguration section */
		C025667415C884E900869EFF /* Debug */ = {
			isa = XCBuildConfiguration;
			buildSettings = {
				ALWAYS_SEARCH_USER_PATHS = NO;
				ARCHS = "$(ARCHS_STANDARD_64_BIT)";
				CLANG_CXX_LANGUAGE_STANDARD = "gnu++0x";
				CLANG_WARN__DUPLICATE_METHOD_MATCH = YES;
				COPY_PHASE_STRIP = NO;
				GCC_C_LANGUAGE_STANDARD = gnu99;
				GCC_DYNAMIC_NO_PIC = NO;
				GCC_ENABLE_OBJC_EXCEPTIONS = YES;
				GCC_OPTIMIZATION_LEVEL = 0;
				GCC_PREPROCESSOR_DEFINITIONS = (
					"DEBUG=1",
					"$(inherited)",
				);
				GCC_SYMBOLS_PRIVATE_EXTERN = NO;
				GCC_WARN_64_TO_32_BIT_CONVERSION = YES;
				GCC_WARN_ABOUT_RETURN_TYPE = YES;
				GCC_WARN_UNINITIALIZED_AUTOS = YES;
				GCC_WARN_UNUSED_VARIABLE = YES;
				MACOSX_DEPLOYMENT_TARGET = 10.8;
				ONLY_ACTIVE_ARCH = YES;
				SDKROOT = macosx;
			};
			name = Debug;
		};
		C025667515C884E900869EFF /* Release */ = {
			isa = XCBuildConfiguration;
			buildSettings = {
				ALWAYS_SEARCH_USER_PATHS = NO;
				ARCHS = "$(ARCHS_STANDARD_64_BIT)";
				CLANG_CXX_LANGUAGE_STANDARD = "gnu++0x";
				CLANG_WARN__DUPLICATE_METHOD_MATCH = YES;
				COPY_PHASE_STRIP = YES;
				DEBUG_INFORMATION_FORMAT = "dwarf-with-dsym";
				GCC_C_LANGUAGE_STANDARD = gnu99;
				GCC_ENABLE_OBJC_EXCEPTIONS = YES;
				GCC_WARN_64_TO_32_BIT_CONVERSION = YES;
				GCC_WARN_ABOUT_RETURN_TYPE = YES;
				GCC_WARN_UNINITIALIZED_AUTOS = YES;
				GCC_WARN_UNUSED_VARIABLE = YES;
				MACOSX_DEPLOYMENT_TARGET = 10.8;
				SDKROOT = macosx;
			};
			name = Release;
		};
		C025667715C884E900869EFF /* Debug */ = {
			isa = XCBuildConfiguration;
			buildSettings = {
				PRODUCT_NAME = "$(TARGET_NAME)";
			};
			name = Debug;
		};
		C025667815C884E900869EFF /* Release */ = {
			isa = XCBuildConfiguration;
			buildSettings = {
				PRODUCT_NAME = "$(TARGET_NAME)";
			};
			name = Release;
		};
/* End XCBuildConfiguration section */

/* Begin XCConfigurationList section */
		C025666615C884E900869EFF /* Build configuration list for PBXProject "ClassCertificates" */ = {
			isa = XCConfigurationList;
			buildConfigurations = (
				C025667415C884E900869EFF /* Debug */,
				C025667515C884E900869EFF /* Release */,
			);
			defaultConfigurationIsVisible = 0;
			defaultConfigurationName = Release;
		};
		C025667615C884E900869EFF /* Build configuration list for PBXNativeTarget "ClassCertificates" */ = {
			isa = XCConfigurationList;
			buildConfigurations = (
				C025667715C884E900869EFF /* Debug */,
				C025667815C884E900869EFF /* Release */,
			);
			defaultConfigurationIsVisible = 0;
		};
/* End XCConfigurationList section */
	};
	rootObject = C025666315C884E900869EFF /* Project object */;
}
